
Microsoft Visual Studio Solution File, Format Version 12.00
# Visual Studio Version 17
VisualStudioVersion = 17.5.33502.453
MinimumVisualStudioVersion = 10.0.40219.1
Project("{FAE04EC0-301F-11D3-BF4B-00C04F79EFBC}") = "ZLPLibrary.Android", "ZLPLibrary.Android\ZLPLibrary.Android.csproj", "{61E196B3-7826-4C08-83B2-1584F78EF44D}"
EndProject
Project("{FAE04EC0-301F-11D3-BF4B-00C04F79EFBC}") = "ZLPLibrary", "ZLPLibrary\ZLPLibrary.csproj", "{C21EAF1C-A1FF-4111-8F1B-1CB4643AFCF5}"
EndProject
Global
	GlobalSection(SolutionConfigurationPlatforms) = preSolution
		Debug|Any CPU = Debug|Any CPU
		Release|Any CPU = Release|Any CPU
	EndGlobalSection
	GlobalSection(ProjectConfigurationPlatforms) = postSolution
		{61E196B3-7826-4C08-83B2-1584F78EF44D}.Debug|Any CPU.ActiveCfg = Debug|Any CPU
		{61E196B3-7826-4C08-83B2-1584F78EF44D}.Debug|Any CPU.Build.0 = Debug|Any CPU
		{61E196B3-7826-4C08-83B2-1584F78EF44D}.Debug|Any CPU.Deploy.0 = Debug|Any CPU
		{61E196B3-7826-4C08-83B2-1584F78EF44D}.Release|Any CPU.ActiveCfg = Release|Any CPU
		{61E196B3-7826-4C08-83B2-1584F78EF44D}.Release|Any CPU.Build.0 = Release|Any CPU
		{61E196B3-7826-4C08-83B2-1584F78EF44D}.Release|Any CPU.Deploy.0 = Release|Any CPU
		{C21EAF1C-A1FF-4111-8F1B-1CB4643AFCF5}.Debug|Any CPU.ActiveCfg = Debug|Any CPU
		{C21EAF1C-A1FF-4111-8F1B-1CB4643AFCF5}.Debug|Any CPU.Build.0 = Debug|Any CPU
		{C21EAF1C-A1FF-4111-8F1B-1CB4643AFCF5}.Debug|Any CPU.Deploy.0 = Debug|Any CPU
		{C21EAF1C-A1FF-4111-8F1B-1CB4643AFCF5}.Release|Any CPU.ActiveCfg = Release|Any CPU
		{C21EAF1C-A1FF-4111-8F1B-1CB4643AFCF5}.Release|Any CPU.Build.0 = Release|Any CPU
		{C21EAF1C-A1FF-4111-8F1B-1CB4643AFCF5}.Release|Any CPU.Deploy.0 = Release|Any CPU
	EndGlobalSection
	GlobalSection(SolutionProperties) = preSolution
		HideSolutionNode = FALSE
	EndGlobalSection
	GlobalSection(ExtensibilityGlobals) = postSolution
		SolutionGuid = {EEE1ADFB-4756-484A-B783-71476EFF28E3}
	EndGlobalSection
EndGlobal
